
Microsoft Visual Studio Solution File, Format Version 12.00
# Visual Studio Version 16
VisualStudioVersion = 16.0.29709.97
MinimumVisualStudioVersion = 10.0.40219.1
Project("{9A19103F-16F7-4668-BE54-9A1E7A4F7556}") = "CovidStatistics", "CovidStatistics.csproj", "{C1095F90-C44D-425F-A69D-4B3020EB86BF}"
EndProject
Global
	GlobalSection(SolutionConfigurationPlatforms) = preSolution
		Debug|Any CPU = Debug|Any CPU
		Release|Any CPU = Release|Any CPU
	EndGlobalSection
	GlobalSection(ProjectConfigurationPlatforms) = postSolution
		{C1095F90-C44D-425F-A69D-4B3020EB86BF}.Debug|Any CPU.ActiveCfg = Debug|Any CPU
		{C1095F90-C44D-425F-A69D-4B3020EB86BF}.Debug|Any CPU.Build.0 = Debug|Any CPU
		{C1095F90-C44D-425F-A69D-4B3020EB86BF}.Release|Any CPU.ActiveCfg = Release|Any CPU
		{C1095F90-C44D-425F-A69D-4B3020EB86BF}.Release|Any CPU.Build.0 = Release|Any CPU
	EndGlobalSection
	GlobalSection(SolutionProperties) = preSolution
		HideSolutionNode = FALSE
	EndGlobalSection
	GlobalSection(ExtensibilityGlobals) = postSolution
		SolutionGuid = {E9202F0B-7195-423D-BBEF-6E44C3AE4CC9}
	EndGlobalSection
EndGlobal
